
Microsoft Visual Studio Solution File, Format Version 12.00
# Visual Studio Version 17
VisualStudioVersion = 17.13.35825.156 d17.13
MinimumVisualStudioVersion = 10.0.40219.1
Project("{FAE04EC0-301F-11D3-BF4B-00C04F79EFBC}") = "ZTaxiApp", "ZTaxiApp.csproj", "{FE870566-DD0D-46D1-81CB-4BAFB20429CE}"
EndProject
Global
	GlobalSection(SolutionConfigurationPlatforms) = preSolution
		Debug|Any CPU = Debug|Any CPU
		Release|Any CPU = Release|Any CPU
	EndGlobalSection
	GlobalSection(ProjectConfigurationPlatforms) = postSolution
		{FE870566-DD0D-46D1-81CB-4BAFB20429CE}.Debug|Any CPU.ActiveCfg = Debug|Any CPU
		{FE870566-DD0D-46D1-81CB-4BAFB20429CE}.Debug|Any CPU.Build.0 = Debug|Any CPU
		{FE870566-DD0D-46D1-81CB-4BAFB20429CE}.Release|Any CPU.ActiveCfg = Release|Any CPU
		{FE870566-DD0D-46D1-81CB-4BAFB20429CE}.Release|Any CPU.Build.0 = Release|Any CPU
	EndGlobalSection
	GlobalSection(SolutionProperties) = preSolution
		HideSolutionNode = FALSE
	EndGlobalSection
	GlobalSection(ExtensibilityGlobals) = postSolution
		SolutionGuid = {B7B7A26A-5994-4A40-A8E6-7B7FB2F62633}
	EndGlobalSection
EndGlobal
